
Microsoft Visual Studio Solution File, Format Version 12.00
# Visual Studio 15
VisualStudioVersion = 15.0.26430.6
MinimumVisualStudioVersion = 10.0.40219.1
Project("{FAE04EC0-301F-11D3-BF4B-00C04F79EFBC}") = "SampleCircleIndicator.Android", "SampleCircleIndicator\SampleCircleIndicator.Android\SampleCircleIndicator.Android.csproj", "{55C59483-E6A1-41CC-8734-7FB9B8091860}"
EndProject
Project("{FAE04EC0-301F-11D3-BF4B-00C04F79EFBC}") = "SampleCircleIndicator", "SampleCircleIndicator\SampleCircleIndicator\SampleCircleIndicator.csproj", "{858C8AA4-26CD-4EAE-945E-8C2892059152}"
EndProject
Project("{FAE04EC0-301F-11D3-BF4B-00C04F79EFBC}") = "SampleCircleIndicator.iOS", "SampleCircleIndicator\SampleCircleIndicator.iOS\SampleCircleIndicator.iOS.csproj", "{5790CDAC-BAF5-4D1B-993A-DCD452E83B9C}"
EndProject
Project("{2150E333-8FDC-42A3-9474-1A3956D46DE8}") = "DNAXFCircleProgress", "DNAXFCircleProgress", "{AB546A41-C830-4D60-A54F-673745EE8745}"
EndProject
Project("{FAE04EC0-301F-11D3-BF4B-00C04F79EFBC}") = "DNAXFCircleProgress", "..\..\src\DNAXFCircleProgress\DNAXFCircleProgress\DNAXFCircleProgress.csproj", "{67F9D3A8-F71E-4428-913F-C37AE82CDB24}"
EndProject
Project("{FAE04EC0-301F-11D3-BF4B-00C04F79EFBC}") = "DNAXFCircleProgress.Droid", "..\..\src\DNAXFCircleProgress\DNAXFCircleProgress.Droid\DNAXFCircleProgress.Droid.csproj", "{053DE0C2-55B8-4964-929D-A1E73CB2B447}"
EndProject
Project("{FAE04EC0-301F-11D3-BF4B-00C04F79EFBC}") = "DNAXFCircleProgress.iOS", "..\..\src\DNAXFCircleProgress\DNAXFCircleProgress.iOS\DNAXFCircleProgress.iOS.csproj", "{9DFC0E55-2A71-4A8B-B503-C2A5AF6B10E6}"
EndProject
Global
	GlobalSection(SolutionConfigurationPlatforms) = preSolution
		Ad-Hoc|Any CPU = Ad-Hoc|Any CPU
		Ad-Hoc|ARM = Ad-Hoc|ARM
		Ad-Hoc|iPhone = Ad-Hoc|iPhone
		Ad-Hoc|iPhoneSimulator = Ad-Hoc|iPhoneSimulator
		Ad-Hoc|x64 = Ad-Hoc|x64
		Ad-Hoc|x86 = Ad-Hoc|x86
		AppStore|Any CPU = AppStore|Any CPU
		AppStore|ARM = AppStore|ARM
		AppStore|iPhone = AppStore|iPhone
		AppStore|iPhoneSimulator = AppStore|iPhoneSimulator
		AppStore|x64 = AppStore|x64
		AppStore|x86 = AppStore|x86
		Debug|Any CPU = Debug|Any CPU
		Debug|ARM = Debug|ARM
		Debug|iPhone = Debug|iPhone
		Debug|iPhoneSimulator = Debug|iPhoneSimulator
		Debug|x64 = Debug|x64
		Debug|x86 = Debug|x86
		Release|Any CPU = Release|Any CPU
		Release|ARM = Release|ARM
		Release|iPhone = Release|iPhone
		Release|iPhoneSimulator = Release|iPhoneSimulator
		Release|x64 = Release|x64
		Release|x86 = Release|x86
	EndGlobalSection
	GlobalSection(ProjectConfigurationPlatforms) = postSolution
		{55C59483-E6A1-41CC-8734-7FB9B8091860}.Ad-Hoc|Any CPU.ActiveCfg = Release|Any CPU
		{55C59483-E6A1-41CC-8734-7FB9B8091860}.Ad-Hoc|Any CPU.Build.0 = Release|Any CPU
		{55C59483-E6A1-41CC-8734-7FB9B8091860}.Ad-Hoc|Any CPU.Deploy.0 = Release|Any CPU
		{55C59483-E6A1-41CC-8734-7FB9B8091860}.Ad-Hoc|ARM.ActiveCfg = Release|Any CPU
		{55C59483-E6A1-41CC-8734-7FB9B8091860}.Ad-Hoc|ARM.Build.0 = Release|Any CPU
		{55C59483-E6A1-41CC-8734-7FB9B8091860}.Ad-Hoc|ARM.Deploy.0 = Release|Any CPU
		{55C59483-E6A1-41CC-8734-7FB9B8091860}.Ad-Hoc|iPhone.ActiveCfg = Release|Any CPU
		{55C59483-E6A1-41CC-8734-7FB9B8091860}.Ad-Hoc|iPhone.Build.0 = Release|Any CPU
		{55C59483-E6A1-41CC-8734-7FB9B8091860}.Ad-Hoc|iPhone.Deploy.0 = Release|Any CPU
		{55C59483-E6A1-41CC-8734-7FB9B8091860}.Ad-Hoc|iPhoneSimulator.ActiveCfg = Release|Any CPU
		{55C59483-E6A1-41CC-8734-7FB9B8091860}.Ad-Hoc|iPhoneSimulator.Build.0 = Release|Any CPU
		{55C59483-E6A1-41CC-8734-7FB9B8091860}.Ad-Hoc|iPhoneSimulator.Deploy.0 = Release|Any CPU
		{55C59483-E6A1-41CC-8734-7FB9B8091860}.Ad-Hoc|x64.ActiveCfg = Release|Any CPU
		{55C59483-E6A1-41CC-8734-7FB9B8091860}.Ad-Hoc|x64.Build.0 = Release|Any CPU
		{55C59483-E6A1-41CC-8734-7FB9B8091860}.Ad-Hoc|x64.Deploy.0 = Release|Any CPU
		{55C59483-E6A1-41CC-8734-7FB9B8091860}.Ad-Hoc|x86.ActiveCfg = Release|Any CPU
		{55C59483-E6A1-41CC-8734-7FB9B8091860}.Ad-Hoc|x86.Build.0 = Release|Any CPU
		{55C59483-E6A1-41CC-8734-7FB9B8091860}.Ad-Hoc|x86.Deploy.0 = Release|Any CPU
		{55C59483-E6A1-41CC-8734-7FB9B8091860}.AppStore|Any CPU.ActiveCfg = Release|Any CPU
		{55C59483-E6A1-41CC-8734-7FB9B8091860}.AppStore|Any CPU.Build.0 = Release|Any CPU
		{55C59483-E6A1-41CC-8734-7FB9B8091860}.AppStore|Any CPU.Deploy.0 = Release|Any CPU
		{55C59483-E6A1-41CC-8734-7FB9B8091860}.AppStore|ARM.ActiveCfg = Release|Any CPU
		{55C59483-E6A1-41CC-8734-7FB9B8091860}.AppStore|ARM.Build.0 = Release|Any CPU
		{55C59483-E6A1-41CC-8734-7FB9B8091860}.AppStore|ARM.Deploy.0 = Release|Any CPU
		{55C59483-E6A1-41CC-8734-7FB9B8091860}.AppStore|iPhone.ActiveCfg = Release|Any CPU
		{55C59483-E6A1-41CC-8734-7FB9B8091860}.AppStore|iPhone.Build.0 = Release|Any CPU
		{55C59483-E6A1-41CC-8734-7FB9B8091860}.AppStore|iPhone.Deploy.0 = Release|Any CPU
		{55C59483-E6A1-41CC-8734-7FB9B8091860}.AppStore|iPhoneSimulator.ActiveCfg = Release|Any CPU
		{55C59483-E6A1-41CC-8734-7FB9B8091860}.AppStore|iPhoneSimulator.Build.0 = Release|Any CPU
		{55C59483-E6A1-41CC-8734-7FB9B8091860}.AppStore|iPhoneSimulator.Deploy.0 = Release|Any CPU
		{55C59483-E6A1-41CC-8734-7FB9B8091860}.AppStore|x64.ActiveCfg = Release|Any CPU
		{55C59483-E6A1-41CC-8734-7FB9B8091860}.AppStore|x64.Build.0 = Release|Any CPU
		{55C59483-E6A1-41CC-8734-7FB9B8091860}.AppStore|x64.Deploy.0 = Release|Any CPU
		{55C59483-E6A1-41CC-8734-7FB9B8091860}.AppStore|x86.ActiveCfg = Release|Any CPU
		{55C59483-E6A1-41CC-8734-7FB9B8091860}.AppStore|x86.Build.0 = Release|Any CPU
		{55C59483-E6A1-41CC-8734-7FB9B8091860}.AppStore|x86.Deploy.0 = Release|Any CPU
		{55C59483-E6A1-41CC-8734-7FB9B8091860}.Debug|Any CPU.ActiveCfg = Debug|Any CPU
		{55C59483-E6A1-41CC-8734-7FB9B8091860}.Debug|Any CPU.Build.0 = Debug|Any CPU
		{55C59483-E6A1-41CC-8734-7FB9B8091860}.Debug|Any CPU.Deploy.0 = Debug|Any CPU
		{55C59483-E6A1-41CC-8734-7FB9B8091860}.Debug|ARM.ActiveCfg = Debug|Any CPU
		{55C59483-E6A1-41CC-8734-7FB9B8091860}.Debug|ARM.Build.0 = Debug|Any CPU
		{55C59483-E6A1-41CC-8734-7FB9B8091860}.Debug|ARM.Deploy.0 = Debug|Any CPU
		{55C59483-E6A1-41CC-8734-7FB9B8091860}.Debug|iPhone.ActiveCfg = Debug|Any CPU
		{55C59483-E6A1-41CC-8734-7FB9B8091860}.Debug|iPhone.Build.0 = Debug|Any CPU
		{55C59483-E6A1-41CC-8734-7FB9B8091860}.Debug|iPhone.Deploy.0 = Debug|Any CPU
		{55C59483-E6A1-41CC-8734-7FB9B8091860}.Debug|iPhoneSimulator.ActiveCfg = Debug|Any CPU
		{55C59483-E6A1-41CC-8734-7FB9B8091860}.Debug|iPhoneSimulator.Build.0 = Debug|Any CPU
		{55C59483-E6A1-41CC-8734-7FB9B8091860}.Debug|iPhoneSimulator.Deploy.0 = Debug|Any CPU
		{55C59483-E6A1-41CC-8734-7FB9B8091860}.Debug|x64.ActiveCfg = Debug|Any CPU
		{55C59483-E6A1-41CC-8734-7FB9B8091860}.Debug|x64.Build.0 = Debug|Any CPU
		{55C59483-E6A1-41CC-8734-7FB9B8091860}.Debug|x64.Deploy.0 = Debug|Any CPU
		{55C59483-E6A1-41CC-8734-7FB9B8091860}.Debug|x86.ActiveCfg = Debug|Any CPU
		{55C59483-E6A1-41CC-8734-7FB9B8091860}.Debug|x86.Build.0 = Debug|Any CPU
		{55C59483-E6A1-41CC-8734-7FB9B8091860}.Debug|x86.Deploy.0 = Debug|Any CPU
		{55C59483-E6A1-41CC-8734-7FB9B8091860}.Release|Any CPU.ActiveCfg = Release|Any CPU
		{55C59483-E6A1-41CC-8734-7FB9B8091860}.Release|Any CPU.Build.0 = Release|Any CPU
		{55C59483-E6A1-41CC-8734-7FB9B8091860}.Release|Any CPU.Deploy.0 = Release|Any CPU
		{55C59483-E6A1-41CC-8734-7FB9B8091860}.Release|ARM.ActiveCfg = Release|Any CPU
		{55C59483-E6A1-41CC-8734-7FB9B8091860}.Release|ARM.Build.0 = Release|Any CPU
		{55C59483-E6A1-41CC-8734-7FB9B8091860}.Release|ARM.Deploy.0 = Release|Any CPU
		{55C59483-E6A1-41CC-8734-7FB9B8091860}.Release|iPhone.ActiveCfg = Release|Any CPU
		{55C59483-E6A1-41CC-8734-7FB9B8091860}.Release|iPhone.Build.0 = Release|Any CPU
		{55C59483-E6A1-41CC-8734-7FB9B8091860}.Release|iPhone.Deploy.0 = Release|Any CPU
		{55C59483-E6A1-41CC-8734-7FB9B8091860}.Release|iPhoneSimulator.ActiveCfg = Release|Any CPU
		{55C59483-E6A1-41CC-8734-7FB9B8091860}.Release|iPhoneSimulator.Build.0 = Release|Any CPU
		{55C59483-E6A1-41CC-8734-7FB9B8091860}.Release|iPhoneSimulator.Deploy.0 = Release|Any CPU
		{55C59483-E6A1-41CC-8734-7FB9B8091860}.Release|x64.ActiveCfg = Release|Any CPU
		{55C59483-E6A1-41CC-8734-7FB9B8091860}.Release|x64.Build.0 = Release|Any CPU
		{55C59483-E6A1-41CC-8734-7FB9B8091860}.Release|x64.Deploy.0 = Release|Any CPU
		{55C59483-E6A1-41CC-8734-7FB9B8091860}.Release|x86.ActiveCfg = Release|Any CPU
		{55C59483-E6A1-41CC-8734-7FB9B8091860}.Release|x86.Build.0 = Release|Any CPU
		{55C59483-E6A1-41CC-8734-7FB9B8091860}.Release|x86.Deploy.0 = Release|Any CPU
		{858C8AA4-26CD-4EAE-945E-8C2892059152}.Ad-Hoc|Any CPU.ActiveCfg = Release|Any CPU
		{858C8AA4-26CD-4EAE-945E-8C2892059152}.Ad-Hoc|Any CPU.Build.0 = Release|Any CPU
		{858C8AA4-26CD-4EAE-945E-8C2892059152}.Ad-Hoc|ARM.ActiveCfg = Release|Any CPU
		{858C8AA4-26CD-4EAE-945E-8C2892059152}.Ad-Hoc|ARM.Build.0 = Release|Any CPU
		{858C8AA4-26CD-4EAE-945E-8C2892059152}.Ad-Hoc|iPhone.ActiveCfg = Release|Any CPU
		{858C8AA4-26CD-4EAE-945E-8C2892059152}.Ad-Hoc|iPhone.Build.0 = Release|Any CPU
		{858C8AA4-26CD-4EAE-945E-8C2892059152}.Ad-Hoc|iPhoneSimulator.ActiveCfg = Release|Any CPU
		{858C8AA4-26CD-4EAE-945E-8C2892059152}.Ad-Hoc|iPhoneSimulator.Build.0 = Release|Any CPU
		{858C8AA4-26CD-4EAE-945E-8C2892059152}.Ad-Hoc|x64.ActiveCfg = Release|Any CPU
		{858C8AA4-26CD-4EAE-945E-8C2892059152}.Ad-Hoc|x64.Build.0 = Release|Any CPU
		{858C8AA4-26CD-4EAE-945E-8C2892059152}.Ad-Hoc|x86.ActiveCfg = Release|Any CPU
		{858C8AA4-26CD-4EAE-945E-8C2892059152}.Ad-Hoc|x86.Build.0 = Release|Any CPU
		{858C8AA4-26CD-4EAE-945E-8C2892059152}.AppStore|Any CPU.ActiveCfg = Release|Any CPU
		{858C8AA4-26CD-4EAE-945E-8C2892059152}.AppStore|Any CPU.Build.0 = Release|Any CPU
		{858C8AA4-26CD-4EAE-945E-8C2892059152}.AppStore|ARM.ActiveCfg = Release|Any CPU
		{858C8AA4-26CD-4EAE-945E-8C2892059152}.AppStore|ARM.Build.0 = Release|Any CPU
		{858C8AA4-26CD-4EAE-945E-8C2892059152}.AppStore|iPhone.ActiveCfg = Release|Any CPU
		{858C8AA4-26CD-4EAE-945E-8C2892059152}.AppStore|iPhone.Build.0 = Release|Any CPU
		{858C8AA4-26CD-4EAE-945E-8C2892059152}.AppStore|iPhoneSimulator.ActiveCfg = Release|Any CPU
		{858C8AA4-26CD-4EAE-945E-8C2892059152}.AppStore|iPhoneSimulator.Build.0 = Release|Any CPU
		{858C8AA4-26CD-4EAE-945E-8C2892059152}.AppStore|x64.ActiveCfg = Release|Any CPU
		{858C8AA4-26CD-4EAE-945E-8C2892059152}.AppStore|x64.Build.0 = Release|Any CPU
		{858C8AA4-26CD-4EAE-945E-8C2892059152}.AppStore|x86.ActiveCfg = Release|Any CPU
		{858C8AA4-26CD-4EAE-945E-8C2892059152}.AppStore|x86.Build.0 = Release|Any CPU
		{858C8AA4-26CD-4EAE-945E-8C2892059152}.Debug|Any CPU.ActiveCfg = Debug|Any CPU
		{858C8AA4-26CD-4EAE-945E-8C2892059152}.Debug|Any CPU.Build.0 = Debug|Any CPU
		{858C8AA4-26CD-4EAE-945E-8C2892059152}.Debug|ARM.ActiveCfg = Debug|Any CPU
		{858C8AA4-26CD-4EAE-945E-8C2892059152}.Debug|ARM.Build.0 = Debug|Any CPU
		{858C8AA4-26CD-4EAE-945E-8C2892059152}.Debug|iPhone.ActiveCfg = Debug|Any CPU
		{858C8AA4-26CD-4EAE-945E-8C2892059152}.Debug|iPhone.Build.0 = Debug|Any CPU
		{858C8AA4-26CD-4EAE-945E-8C2892059152}.Debug|iPhoneSimulator.ActiveCfg = Debug|Any CPU
		{858C8AA4-26CD-4EAE-945E-8C2892059152}.Debug|iPhoneSimulator.Build.0 = Debug|Any CPU
		{858C8AA4-26CD-4EAE-945E-8C2892059152}.Debug|x64.ActiveCfg = Debug|Any CPU
		{858C8AA4-26CD-4EAE-945E-8C2892059152}.Debug|x64.Build.0 = Debug|Any CPU
		{858C8AA4-26CD-4EAE-945E-8C2892059152}.Debug|x86.ActiveCfg = Debug|Any CPU
		{858C8AA4-26CD-4EAE-945E-8C2892059152}.Debug|x86.Build.0 = Debug|Any CPU
		{858C8AA4-26CD-4EAE-945E-8C2892059152}.Release|Any CPU.ActiveCfg = Release|Any CPU
		{858C8AA4-26CD-4EAE-945E-8C2892059152}.Release|Any CPU.Build.0 = Release|Any CPU
		{858C8AA4-26CD-4EAE-945E-8C2892059152}.Release|ARM.ActiveCfg = Release|Any CPU
		{858C8AA4-26CD-4EAE-945E-8C2892059152}.Release|ARM.Build.0 = Release|Any CPU
		{858C8AA4-26CD-4EAE-945E-8C2892059152}.Release|iPhone.ActiveCfg = Release|Any CPU
		{858C8AA4-26CD-4EAE-945E-8C2892059152}.Release|iPhone.Build.0 = Release|Any CPU
		{858C8AA4-26CD-4EAE-945E-8C2892059152}.Release|iPhoneSimulator.ActiveCfg = Release|Any CPU
		{858C8AA4-26CD-4EAE-945E-8C2892059152}.Release|iPhoneSimulator.Build.0 = Release|Any CPU
		{858C8AA4-26CD-4EAE-945E-8C2892059152}.Release|x64.ActiveCfg = Release|Any CPU
		{858C8AA4-26CD-4EAE-945E-8C2892059152}.Release|x64.Build.0 = Release|Any CPU
		{858C8AA4-26CD-4EAE-945E-8C2892059152}.Release|x86.ActiveCfg = Release|Any CPU
		{858C8AA4-26CD-4EAE-945E-8C2892059152}.Release|x86.Build.0 = Release|Any CPU
		{5790CDAC-BAF5-4D1B-993A-DCD452E83B9C}.Ad-Hoc|Any CPU.ActiveCfg = Ad-Hoc|iPhone
		{5790CDAC-BAF5-4D1B-993A-DCD452E83B9C}.Ad-Hoc|ARM.ActiveCfg = Ad-Hoc|iPhone
		{5790CDAC-BAF5-4D1B-993A-DCD452E83B9C}.Ad-Hoc|iPhone.ActiveCfg = Ad-Hoc|iPhone
		{5790CDAC-BAF5-4D1B-993A-DCD452E83B9C}.Ad-Hoc|iPhone.Build.0 = Ad-Hoc|iPhone
		{5790CDAC-BAF5-4D1B-993A-DCD452E83B9C}.Ad-Hoc|iPhoneSimulator.ActiveCfg = Ad-Hoc|iPhoneSimulator
		{5790CDAC-BAF5-4D1B-993A-DCD452E83B9C}.Ad-Hoc|iPhoneSimulator.Build.0 = Ad-Hoc|iPhoneSimulator
		{5790CDAC-BAF5-4D1B-993A-DCD452E83B9C}.Ad-Hoc|x64.ActiveCfg = Ad-Hoc|iPhone
		{5790CDAC-BAF5-4D1B-993A-DCD452E83B9C}.Ad-Hoc|x86.ActiveCfg = Ad-Hoc|iPhone
		{5790CDAC-BAF5-4D1B-993A-DCD452E83B9C}.AppStore|Any CPU.ActiveCfg = AppStore|iPhone
		{5790CDAC-BAF5-4D1B-993A-DCD452E83B9C}.AppStore|ARM.ActiveCfg = AppStore|iPhone
		{5790CDAC-BAF5-4D1B-993A-DCD452E83B9C}.AppStore|iPhone.ActiveCfg = AppStore|iPhone
		{5790CDAC-BAF5-4D1B-993A-DCD452E83B9C}.AppStore|iPhone.Build.0 = AppStore|iPhone
		{5790CDAC-BAF5-4D1B-993A-DCD452E83B9C}.AppStore|iPhoneSimulator.ActiveCfg = AppStore|iPhoneSimulator
		{5790CDAC-BAF5-4D1B-993A-DCD452E83B9C}.AppStore|iPhoneSimulator.Build.0 = AppStore|iPhoneSimulator
		{5790CDAC-BAF5-4D1B-993A-DCD452E83B9C}.AppStore|x64.ActiveCfg = AppStore|iPhone
		{5790CDAC-BAF5-4D1B-993A-DCD452E83B9C}.AppStore|x86.ActiveCfg = AppStore|iPhone
		{5790CDAC-BAF5-4D1B-993A-DCD452E83B9C}.Debug|Any CPU.ActiveCfg = Debug|iPhone
		{5790CDAC-BAF5-4D1B-993A-DCD452E83B9C}.Debug|ARM.ActiveCfg = Debug|iPhone
		{5790CDAC-BAF5-4D1B-993A-DCD452E83B9C}.Debug|iPhone.ActiveCfg = Debug|iPhone
		{5790CDAC-BAF5-4D1B-993A-DCD452E83B9C}.Debug|iPhone.Build.0 = Debug|iPhone
		{5790CDAC-BAF5-4D1B-993A-DCD452E83B9C}.Debug|iPhoneSimulator.ActiveCfg = Debug|iPhoneSimulator
		{5790CDAC-BAF5-4D1B-993A-DCD452E83B9C}.Debug|iPhoneSimulator.Build.0 = Debug|iPhoneSimulator
		{5790CDAC-BAF5-4D1B-993A-DCD452E83B9C}.Debug|x64.ActiveCfg = Debug|iPhone
		{5790CDAC-BAF5-4D1B-993A-DCD452E83B9C}.Debug|x86.ActiveCfg = Debug|iPhone
		{5790CDAC-BAF5-4D1B-993A-DCD452E83B9C}.Release|Any CPU.ActiveCfg = Release|iPhone
		{5790CDAC-BAF5-4D1B-993A-DCD452E83B9C}.Release|ARM.ActiveCfg = Release|iPhone
		{5790CDAC-BAF5-4D1B-993A-DCD452E83B9C}.Release|iPhone.ActiveCfg = Release|iPhone
		{5790CDAC-BAF5-4D1B-993A-DCD452E83B9C}.Release|iPhone.Build.0 = Release|iPhone
		{5790CDAC-BAF5-4D1B-993A-DCD452E83B9C}.Release|iPhoneSimulator.ActiveCfg = Release|iPhoneSimulator
		{5790CDAC-BAF5-4D1B-993A-DCD452E83B9C}.Release|iPhoneSimulator.Build.0 = Release|iPhoneSimulator
		{5790CDAC-BAF5-4D1B-993A-DCD452E83B9C}.Release|x64.ActiveCfg = Release|iPhone
		{5790CDAC-BAF5-4D1B-993A-DCD452E83B9C}.Release|x86.ActiveCfg = Release|iPhone
		{67F9D3A8-F71E-4428-913F-C37AE82CDB24}.Ad-Hoc|Any CPU.ActiveCfg = Release|Any CPU
		{67F9D3A8-F71E-4428-913F-C37AE82CDB24}.Ad-Hoc|Any CPU.Build.0 = Release|Any CPU
		{67F9D3A8-F71E-4428-913F-C37AE82CDB24}.Ad-Hoc|ARM.ActiveCfg = Release|Any CPU
		{67F9D3A8-F71E-4428-913F-C37AE82CDB24}.Ad-Hoc|ARM.Build.0 = Release|Any CPU
		{67F9D3A8-F71E-4428-913F-C37AE82CDB24}.Ad-Hoc|iPhone.ActiveCfg = Release|Any CPU
		{67F9D3A8-F71E-4428-913F-C37AE82CDB24}.Ad-Hoc|iPhone.Build.0 = Release|Any CPU
		{67F9D3A8-F71E-4428-913F-C37AE82CDB24}.Ad-Hoc|iPhoneSimulator.ActiveCfg = Release|Any CPU
		{67F9D3A8-F71E-4428-913F-C37AE82CDB24}.Ad-Hoc|iPhoneSimulator.Build.0 = Release|Any CPU
		{67F9D3A8-F71E-4428-913F-C37AE82CDB24}.Ad-Hoc|x64.ActiveCfg = Release|Any CPU
		{67F9D3A8-F71E-4428-913F-C37AE82CDB24}.Ad-Hoc|x64.Build.0 = Release|Any CPU
		{67F9D3A8-F71E-4428-913F-C37AE82CDB24}.Ad-Hoc|x86.ActiveCfg = Release|Any CPU
		{67F9D3A8-F71E-4428-913F-C37AE82CDB24}.Ad-Hoc|x86.Build.0 = Release|Any CPU
		{67F9D3A8-F71E-4428-913F-C37AE82CDB24}.AppStore|Any CPU.ActiveCfg = Release|Any CPU
		{67F9D3A8-F71E-4428-913F-C37AE82CDB24}.AppStore|Any CPU.Build.0 = Release|Any CPU
		{67F9D3A8-F71E-4428-913F-C37AE82CDB24}.AppStore|ARM.ActiveCfg = Release|Any CPU
		{67F9D3A8-F71E-4428-913F-C37AE82CDB24}.AppStore|ARM.Build.0 = Release|Any CPU
		{67F9D3A8-F71E-4428-913F-C37AE82CDB24}.AppStore|iPhone.ActiveCfg = Release|Any CPU
		{67F9D3A8-F71E-4428-913F-C37AE82CDB24}.AppStore|iPhone.Build.0 = Release|Any CPU
		{67F9D3A8-F71E-4428-913F-C37AE82CDB24}.AppStore|iPhoneSimulator.ActiveCfg = Release|Any CPU
		{67F9D3A8-F71E-4428-913F-C37AE82CDB24}.AppStore|iPhoneSimulator.Build.0 = Release|Any CPU
		{67F9D3A8-F71E-4428-913F-C37AE82CDB24}.AppStore|x64.ActiveCfg = Release|Any CPU
		{67F9D3A8-F71E-4428-913F-C37AE82CDB24}.AppStore|x64.Build.0 = Release|Any CPU
		{67F9D3A8-F71E-4428-913F-C37AE82CDB24}.AppStore|x86.ActiveCfg = Release|Any CPU
		{67F9D3A8-F71E-4428-913F-C37AE82CDB24}.AppStore|x86.Build.0 = Release|Any CPU
		{67F9D3A8-F71E-4428-913F-C37AE82CDB24}.Debug|Any CPU.ActiveCfg = Debug|Any CPU
		{67F9D3A8-F71E-4428-913F-C37AE82CDB24}.Debug|Any CPU.Build.0 = Debug|Any CPU
		{67F9D3A8-F71E-4428-913F-C37AE82CDB24}.Debug|ARM.ActiveCfg = Debug|Any CPU
		{67F9D3A8-F71E-4428-913F-C37AE82CDB24}.Debug|ARM.Build.0 = Debug|Any CPU
		{67F9D3A8-F71E-4428-913F-C37AE82CDB24}.Debug|iPhone.ActiveCfg = Debug|Any CPU
		{67F9D3A8-F71E-4428-913F-C37AE82CDB24}.Debug|iPhone.Build.0 = Debug|Any CPU
		{67F9D3A8-F71E-4428-913F-C37AE82CDB24}.Debug|iPhoneSimulator.ActiveCfg = Debug|Any CPU
		{67F9D3A8-F71E-4428-913F-C37AE82CDB24}.Debug|iPhoneSimulator.Build.0 = Debug|Any CPU
		{67F9D3A8-F71E-4428-913F-C37AE82CDB24}.Debug|x64.ActiveCfg = Debug|Any CPU
		{67F9D3A8-F71E-4428-913F-C37AE82CDB24}.Debug|x64.Build.0 = Debug|Any CPU
		{67F9D3A8-F71E-4428-913F-C37AE82CDB24}.Debug|x86.ActiveCfg = Debug|Any CPU
		{67F9D3A8-F71E-4428-913F-C37AE82CDB24}.Debug|x86.Build.0 = Debug|Any CPU
		{67F9D3A8-F71E-4428-913F-C37AE82CDB24}.Release|Any CPU.ActiveCfg = Release|Any CPU
		{67F9D3A8-F71E-4428-913F-C37AE82CDB24}.Release|Any CPU.Build.0 = Release|Any CPU
		{67F9D3A8-F71E-4428-913F-C37AE82CDB24}.Release|ARM.ActiveCfg = Release|Any CPU
		{67F9D3A8-F71E-4428-913F-C37AE82CDB24}.Release|ARM.Build.0 = Release|Any CPU
		{67F9D3A8-F71E-4428-913F-C37AE82CDB24}.Release|iPhone.ActiveCfg = Release|Any CPU
		{67F9D3A8-F71E-4428-913F-C37AE82CDB24}.Release|iPhone.Build.0 = Release|Any CPU
		{67F9D3A8-F71E-4428-913F-C37AE82CDB24}.Release|iPhoneSimulator.ActiveCfg = Release|Any CPU
		{67F9D3A8-F71E-4428-913F-C37AE82CDB24}.Release|iPhoneSimulator.Build.0 = Release|Any CPU
		{67F9D3A8-F71E-4428-913F-C37AE82CDB24}.Release|x64.ActiveCfg = Release|Any CPU
		{67F9D3A8-F71E-4428-913F-C37AE82CDB24}.Release|x64.Build.0 = Release|Any CPU
		{67F9D3A8-F71E-4428-913F-C37AE82CDB24}.Release|x86.ActiveCfg = Release|Any CPU
		{67F9D3A8-F71E-4428-913F-C37AE82CDB24}.Release|x86.Build.0 = Release|Any CPU
		{053DE0C2-55B8-4964-929D-A1E73CB2B447}.Ad-Hoc|Any CPU.ActiveCfg = Release|Any CPU
		{053DE0C2-55B8-4964-929D-A1E73CB2B447}.Ad-Hoc|Any CPU.Build.0 = Release|Any CPU
		{053DE0C2-55B8-4964-929D-A1E73CB2B447}.Ad-Hoc|ARM.ActiveCfg = Release|Any CPU
		{053DE0C2-55B8-4964-929D-A1E73CB2B447}.Ad-Hoc|ARM.Build.0 = Release|Any CPU
		{053DE0C2-55B8-4964-929D-A1E73CB2B447}.Ad-Hoc|iPhone.ActiveCfg = Release|Any CPU
		{053DE0C2-55B8-4964-929D-A1E73CB2B447}.Ad-Hoc|iPhone.Build.0 = Release|Any CPU
		{053DE0C2-55B8-4964-929D-A1E73CB2B447}.Ad-Hoc|iPhoneSimulator.ActiveCfg = Release|Any CPU
		{053DE0C2-55B8-4964-929D-A1E73CB2B447}.Ad-Hoc|iPhoneSimulator.Build.0 = Release|Any CPU
		{053DE0C2-55B8-4964-929D-A1E73CB2B447}.Ad-Hoc|x64.ActiveCfg = Release|Any CPU
		{053DE0C2-55B8-4964-929D-A1E73CB2B447}.Ad-Hoc|x64.Build.0 = Release|Any CPU
		{053DE0C2-55B8-4964-929D-A1E73CB2B447}.Ad-Hoc|x86.ActiveCfg = Release|Any CPU
		{053DE0C2-55B8-4964-929D-A1E73CB2B447}.Ad-Hoc|x86.Build.0 = Release|Any CPU
		{053DE0C2-55B8-4964-929D-A1E73CB2B447}.AppStore|Any CPU.ActiveCfg = Release|Any CPU
		{053DE0C2-55B8-4964-929D-A1E73CB2B447}.AppStore|Any CPU.Build.0 = Release|Any CPU
		{053DE0C2-55B8-4964-929D-A1E73CB2B447}.AppStore|ARM.ActiveCfg = Release|Any CPU
		{053DE0C2-55B8-4964-929D-A1E73CB2B447}.AppStore|ARM.Build.0 = Release|Any CPU
		{053DE0C2-55B8-4964-929D-A1E73CB2B447}.AppStore|iPhone.ActiveCfg = Release|Any CPU
		{053DE0C2-55B8-4964-929D-A1E73CB2B447}.AppStore|iPhone.Build.0 = Release|Any CPU
		{053DE0C2-55B8-4964-929D-A1E73CB2B447}.AppStore|iPhoneSimulator.ActiveCfg = Release|Any CPU
		{053DE0C2-55B8-4964-929D-A1E73CB2B447}.AppStore|iPhoneSimulator.Build.0 = Release|Any CPU
		{053DE0C2-55B8-4964-929D-A1E73CB2B447}.AppStore|x64.ActiveCfg = Release|Any CPU
		{053DE0C2-55B8-4964-929D-A1E73CB2B447}.AppStore|x64.Build.0 = Release|Any CPU
		{053DE0C2-55B8-4964-929D-A1E73CB2B447}.AppStore|x86.ActiveCfg = Release|Any CPU
		{053DE0C2-55B8-4964-929D-A1E73CB2B447}.AppStore|x86.Build.0 = Release|Any CPU
		{053DE0C2-55B8-4964-929D-A1E73CB2B447}.Debug|Any CPU.ActiveCfg = Debug|Any CPU
		{053DE0C2-55B8-4964-929D-A1E73CB2B447}.Debug|Any CPU.Build.0 = Debug|Any CPU
		{053DE0C2-55B8-4964-929D-A1E73CB2B447}.Debug|ARM.ActiveCfg = Debug|Any CPU
		{053DE0C2-55B8-4964-929D-A1E73CB2B447}.Debug|ARM.Build.0 = Debug|Any CPU
		{053DE0C2-55B8-4964-929D-A1E73CB2B447}.Debug|iPhone.ActiveCfg = Debug|Any CPU
		{053DE0C2-55B8-4964-929D-A1E73CB2B447}.Debug|iPhone.Build.0 = Debug|Any CPU
		{053DE0C2-55B8-4964-929D-A1E73CB2B447}.Debug|iPhoneSimulator.ActiveCfg = Debug|Any CPU
		{053DE0C2-55B8-4964-929D-A1E73CB2B447}.Debug|iPhoneSimulator.Build.0 = Debug|Any CPU
		{053DE0C2-55B8-4964-929D-A1E73CB2B447}.Debug|x64.ActiveCfg = Debug|Any CPU
		{053DE0C2-55B8-4964-929D-A1E73CB2B447}.Debug|x64.Build.0 = Debug|Any CPU
		{053DE0C2-55B8-4964-929D-A1E73CB2B447}.Debug|x86.ActiveCfg = Debug|Any CPU
		{053DE0C2-55B8-4964-929D-A1E73CB2B447}.Debug|x86.Build.0 = Debug|Any CPU
		{053DE0C2-55B8-4964-929D-A1E73CB2B447}.Release|Any CPU.ActiveCfg = Release|Any CPU
		{053DE0C2-55B8-4964-929D-A1E73CB2B447}.Release|Any CPU.Build.0 = Release|Any CPU
		{053DE0C2-55B8-4964-929D-A1E73CB2B447}.Release|ARM.ActiveCfg = Release|Any CPU
		{053DE0C2-55B8-4964-929D-A1E73CB2B447}.Release|ARM.Build.0 = Release|Any CPU
		{053DE0C2-55B8-4964-929D-A1E73CB2B447}.Release|iPhone.ActiveCfg = Release|Any CPU
		{053DE0C2-55B8-4964-929D-A1E73CB2B447}.Release|iPhone.Build.0 = Release|Any CPU
		{053DE0C2-55B8-4964-929D-A1E73CB2B447}.Release|iPhoneSimulator.ActiveCfg = Release|Any CPU
		{053DE0C2-55B8-4964-929D-A1E73CB2B447}.Release|iPhoneSimulator.Build.0 = Release|Any CPU
		{053DE0C2-55B8-4964-929D-A1E73CB2B447}.Release|x64.ActiveCfg = Release|Any CPU
		{053DE0C2-55B8-4964-929D-A1E73CB2B447}.Release|x64.Build.0 = Release|Any CPU
		{053DE0C2-55B8-4964-929D-A1E73CB2B447}.Release|x86.ActiveCfg = Release|Any CPU
		{053DE0C2-55B8-4964-929D-A1E73CB2B447}.Release|x86.Build.0 = Release|Any CPU
		{9DFC0E55-2A71-4A8B-B503-C2A5AF6B10E6}.Ad-Hoc|Any CPU.ActiveCfg = Release|Any CPU
		{9DFC0E55-2A71-4A8B-B503-C2A5AF6B10E6}.Ad-Hoc|Any CPU.Build.0 = Release|Any CPU
		{9DFC0E55-2A71-4A8B-B503-C2A5AF6B10E6}.Ad-Hoc|ARM.ActiveCfg = Release|Any CPU
		{9DFC0E55-2A71-4A8B-B503-C2A5AF6B10E6}.Ad-Hoc|ARM.Build.0 = Release|Any CPU
		{9DFC0E55-2A71-4A8B-B503-C2A5AF6B10E6}.Ad-Hoc|iPhone.ActiveCfg = Release|Any CPU
		{9DFC0E55-2A71-4A8B-B503-C2A5AF6B10E6}.Ad-Hoc|iPhone.Build.0 = Release|Any CPU
		{9DFC0E55-2A71-4A8B-B503-C2A5AF6B10E6}.Ad-Hoc|iPhoneSimulator.ActiveCfg = Release|Any CPU
		{9DFC0E55-2A71-4A8B-B503-C2A5AF6B10E6}.Ad-Hoc|iPhoneSimulator.Build.0 = Release|Any CPU
		{9DFC0E55-2A71-4A8B-B503-C2A5AF6B10E6}.Ad-Hoc|x64.ActiveCfg = Release|Any CPU
		{9DFC0E55-2A71-4A8B-B503-C2A5AF6B10E6}.Ad-Hoc|x64.Build.0 = Release|Any CPU
		{9DFC0E55-2A71-4A8B-B503-C2A5AF6B10E6}.Ad-Hoc|x86.ActiveCfg = Release|Any CPU
		{9DFC0E55-2A71-4A8B-B503-C2A5AF6B10E6}.Ad-Hoc|x86.Build.0 = Release|Any CPU
		{9DFC0E55-2A71-4A8B-B503-C2A5AF6B10E6}.AppStore|Any CPU.ActiveCfg = Release|Any CPU
		{9DFC0E55-2A71-4A8B-B503-C2A5AF6B10E6}.AppStore|Any CPU.Build.0 = Release|Any CPU
		{9DFC0E55-2A71-4A8B-B503-C2A5AF6B10E6}.AppStore|ARM.ActiveCfg = Release|Any CPU
		{9DFC0E55-2A71-4A8B-B503-C2A5AF6B10E6}.AppStore|ARM.Build.0 = Release|Any CPU
		{9DFC0E55-2A71-4A8B-B503-C2A5AF6B10E6}.AppStore|iPhone.ActiveCfg = Release|Any CPU
		{9DFC0E55-2A71-4A8B-B503-C2A5AF6B10E6}.AppStore|iPhone.Build.0 = Release|Any CPU
		{9DFC0E55-2A71-4A8B-B503-C2A5AF6B10E6}.AppStore|iPhoneSimulator.ActiveCfg = Release|Any CPU
		{9DFC0E55-2A71-4A8B-B503-C2A5AF6B10E6}.AppStore|iPhoneSimulator.Build.0 = Release|Any CPU
		{9DFC0E55-2A71-4A8B-B503-C2A5AF6B10E6}.AppStore|x64.ActiveCfg = Release|Any CPU
		{9DFC0E55-2A71-4A8B-B503-C2A5AF6B10E6}.AppStore|x64.Build.0 = Release|Any CPU
		{9DFC0E55-2A71-4A8B-B503-C2A5AF6B10E6}.AppStore|x86.ActiveCfg = Release|Any CPU
		{9DFC0E55-2A71-4A8B-B503-C2A5AF6B10E6}.AppStore|x86.Build.0 = Release|Any CPU
		{9DFC0E55-2A71-4A8B-B503-C2A5AF6B10E6}.Debug|Any CPU.ActiveCfg = Debug|Any CPU
		{9DFC0E55-2A71-4A8B-B503-C2A5AF6B10E6}.Debug|Any CPU.Build.0 = Debug|Any CPU
		{9DFC0E55-2A71-4A8B-B503-C2A5AF6B10E6}.Debug|ARM.ActiveCfg = Debug|Any CPU
		{9DFC0E55-2A71-4A8B-B503-C2A5AF6B10E6}.Debug|ARM.Build.0 = Debug|Any CPU
		{9DFC0E55-2A71-4A8B-B503-C2A5AF6B10E6}.Debug|iPhone.ActiveCfg = Debug|Any CPU
		{9DFC0E55-2A71-4A8B-B503-C2A5AF6B10E6}.Debug|iPhone.Build.0 = Debug|Any CPU
		{9DFC0E55-2A71-4A8B-B503-C2A5AF6B10E6}.Debug|iPhoneSimulator.ActiveCfg = Debug|Any CPU
		{9DFC0E55-2A71-4A8B-B503-C2A5AF6B10E6}.Debug|iPhoneSimulator.Build.0 = Debug|Any CPU
		{9DFC0E55-2A71-4A8B-B503-C2A5AF6B10E6}.Debug|x64.ActiveCfg = Debug|Any CPU
		{9DFC0E55-2A71-4A8B-B503-C2A5AF6B10E6}.Debug|x64.Build.0 = Debug|Any CPU
		{9DFC0E55-2A71-4A8B-B503-C2A5AF6B10E6}.Debug|x86.ActiveCfg = Debug|Any CPU
		{9DFC0E55-2A71-4A8B-B503-C2A5AF6B10E6}.Debug|x86.Build.0 = Debug|Any CPU
		{9DFC0E55-2A71-4A8B-B503-C2A5AF6B10E6}.Release|Any CPU.ActiveCfg = Release|Any CPU
		{9DFC0E55-2A71-4A8B-B503-C2A5AF6B10E6}.Release|Any CPU.Build.0 = Release|Any CPU
		{9DFC0E55-2A71-4A8B-B503-C2A5AF6B10E6}.Release|ARM.ActiveCfg = Release|Any CPU
		{9DFC0E55-2A71-4A8B-B503-C2A5AF6B10E6}.Release|ARM.Build.0 = Release|Any CPU
		{9DFC0E55-2A71-4A8B-B503-C2A5AF6B10E6}.Release|iPhone.ActiveCfg = Release|Any CPU
		{9DFC0E55-2A71-4A8B-B503-C2A5AF6B10E6}.Release|iPhone.Build.0 = Release|Any CPU
		{9DFC0E55-2A71-4A8B-B503-C2A5AF6B10E6}.Release|iPhoneSimulator.ActiveCfg = Release|Any CPU
		{9DFC0E55-2A71-4A8B-B503-C2A5AF6B10E6}.Release|iPhoneSimulator.Build.0 = Release|Any CPU
		{9DFC0E55-2A71-4A8B-B503-C2A5AF6B10E6}.Release|x64.ActiveCfg = Release|Any CPU
		{9DFC0E55-2A71-4A8B-B503-C2A5AF6B10E6}.Release|x64.Build.0 = Release|Any CPU
		{9DFC0E55-2A71-4A8B-B503-C2A5AF6B10E6}.Release|x86.ActiveCfg = Release|Any CPU
		{9DFC0E55-2A71-4A8B-B503-C2A5AF6B10E6}.Release|x86.Build.0 = Release|Any CPU
	EndGlobalSection
	GlobalSection(SolutionProperties) = preSolution
		HideSolutionNode = FALSE
	EndGlobalSection
	GlobalSection(NestedProjects) = preSolution
		{67F9D3A8-F71E-4428-913F-C37AE82CDB24} = {AB546A41-C830-4D60-A54F-673745EE8745}
		{053DE0C2-55B8-4964-929D-A1E73CB2B447} = {AB546A41-C830-4D60-A54F-673745EE8745}
		{9DFC0E55-2A71-4A8B-B503-C2A5AF6B10E6} = {AB546A41-C830-4D60-A54F-673745EE8745}
	EndGlobalSection
EndGlobal
