
Microsoft Visual Studio Solution File, Format Version 12.00
# Visual Studio 15
VisualStudioVersion = 15.0.26403.0
MinimumVisualStudioVersion = 10.0.40219.1
Project("{FAE04EC0-301F-11D3-BF4B-00C04F79EFBC}") = "DevsDNA.XFCircleProgress.Core", "DevsDNA.XFCircleProgress.Core\DevsDNA.XFCircleProgress.Core.csproj", "{67F9D3A8-F71E-4428-913F-C37AE82CDB24}"
EndProject
Project("{FAE04EC0-301F-11D3-BF4B-00C04F79EFBC}") = "DevsDNA.XFCircleProgress.Droid", "DevsDNA.XFCircleProgress.Droid\DevsDNA.XFCircleProgress.Droid.csproj", "{C6DA3CC2-0D22-4D25-907B-904CD1929250}"
EndProject
Project("{FAE04EC0-301F-11D3-BF4B-00C04F79EFBC}") = "DevsDNA.XFCircleProgress.iOS", "DevsDNA.XFCircleProgress.iOS\DevsDNA.XFCircleProgress.iOS.csproj", "{92DA1245-2810-4F63-B1C1-5B2D3E7822E4}"
EndProject
Project("{FAE04EC0-301F-11D3-BF4B-00C04F79EFBC}") = "DevsDNA.XFCircleProgress.UWP", "DevsDNA.XFCircleProgress.UWP\DevsDNA.XFCircleProgress.UWP.csproj", "{8C41C39E-C0F0-4FE1-B5EF-38E54DFE7992}"
EndProject
Project("{2150E333-8FDC-42A3-9474-1A3956D46DE8}") = "XFCircleProgress", "XFCircleProgress", "{626A6432-722B-48AC-ACD4-182BA03146A1}"
EndProject
Project("{2150E333-8FDC-42A3-9474-1A3956D46DE8}") = "Sample", "Sample", "{A3B27D0D-EE59-44FE-AD45-3E717F8D9718}"
EndProject
Global
	GlobalSection(SolutionConfigurationPlatforms) = preSolution
		Debug|Any CPU = Debug|Any CPU
		Debug|ARM = Debug|ARM
		Debug|x64 = Debug|x64
		Debug|x86 = Debug|x86
		Release|Any CPU = Release|Any CPU
		Release|ARM = Release|ARM
		Release|x64 = Release|x64
		Release|x86 = Release|x86
	EndGlobalSection
	GlobalSection(ProjectConfigurationPlatforms) = postSolution
		{67F9D3A8-F71E-4428-913F-C37AE82CDB24}.Debug|Any CPU.ActiveCfg = Debug|Any CPU
		{67F9D3A8-F71E-4428-913F-C37AE82CDB24}.Debug|Any CPU.Build.0 = Debug|Any CPU
		{67F9D3A8-F71E-4428-913F-C37AE82CDB24}.Debug|ARM.ActiveCfg = Debug|Any CPU
		{67F9D3A8-F71E-4428-913F-C37AE82CDB24}.Debug|ARM.Build.0 = Debug|Any CPU
		{67F9D3A8-F71E-4428-913F-C37AE82CDB24}.Debug|x64.ActiveCfg = Debug|Any CPU
		{67F9D3A8-F71E-4428-913F-C37AE82CDB24}.Debug|x64.Build.0 = Debug|Any CPU
		{67F9D3A8-F71E-4428-913F-C37AE82CDB24}.Debug|x86.ActiveCfg = Debug|Any CPU
		{67F9D3A8-F71E-4428-913F-C37AE82CDB24}.Debug|x86.Build.0 = Debug|Any CPU
		{67F9D3A8-F71E-4428-913F-C37AE82CDB24}.Release|Any CPU.ActiveCfg = Release|Any CPU
		{67F9D3A8-F71E-4428-913F-C37AE82CDB24}.Release|Any CPU.Build.0 = Release|Any CPU
		{67F9D3A8-F71E-4428-913F-C37AE82CDB24}.Release|ARM.ActiveCfg = Release|Any CPU
		{67F9D3A8-F71E-4428-913F-C37AE82CDB24}.Release|ARM.Build.0 = Release|Any CPU
		{67F9D3A8-F71E-4428-913F-C37AE82CDB24}.Release|x64.ActiveCfg = Release|Any CPU
		{67F9D3A8-F71E-4428-913F-C37AE82CDB24}.Release|x64.Build.0 = Release|Any CPU
		{67F9D3A8-F71E-4428-913F-C37AE82CDB24}.Release|x86.ActiveCfg = Release|Any CPU
		{67F9D3A8-F71E-4428-913F-C37AE82CDB24}.Release|x86.Build.0 = Release|Any CPU
		{C6DA3CC2-0D22-4D25-907B-904CD1929250}.Debug|Any CPU.ActiveCfg = Debug|Any CPU
		{C6DA3CC2-0D22-4D25-907B-904CD1929250}.Debug|Any CPU.Build.0 = Debug|Any CPU
		{C6DA3CC2-0D22-4D25-907B-904CD1929250}.Debug|ARM.ActiveCfg = Debug|Any CPU
		{C6DA3CC2-0D22-4D25-907B-904CD1929250}.Debug|ARM.Build.0 = Debug|Any CPU
		{C6DA3CC2-0D22-4D25-907B-904CD1929250}.Debug|x64.ActiveCfg = Debug|Any CPU
		{C6DA3CC2-0D22-4D25-907B-904CD1929250}.Debug|x64.Build.0 = Debug|Any CPU
		{C6DA3CC2-0D22-4D25-907B-904CD1929250}.Debug|x86.ActiveCfg = Debug|Any CPU
		{C6DA3CC2-0D22-4D25-907B-904CD1929250}.Debug|x86.Build.0 = Debug|Any CPU
		{C6DA3CC2-0D22-4D25-907B-904CD1929250}.Release|Any CPU.ActiveCfg = Release|Any CPU
		{C6DA3CC2-0D22-4D25-907B-904CD1929250}.Release|Any CPU.Build.0 = Release|Any CPU
		{C6DA3CC2-0D22-4D25-907B-904CD1929250}.Release|ARM.ActiveCfg = Release|Any CPU
		{C6DA3CC2-0D22-4D25-907B-904CD1929250}.Release|ARM.Build.0 = Release|Any CPU
		{C6DA3CC2-0D22-4D25-907B-904CD1929250}.Release|x64.ActiveCfg = Release|Any CPU
		{C6DA3CC2-0D22-4D25-907B-904CD1929250}.Release|x64.Build.0 = Release|Any CPU
		{C6DA3CC2-0D22-4D25-907B-904CD1929250}.Release|x86.ActiveCfg = Release|Any CPU
		{C6DA3CC2-0D22-4D25-907B-904CD1929250}.Release|x86.Build.0 = Release|Any CPU
		{92DA1245-2810-4F63-B1C1-5B2D3E7822E4}.Debug|Any CPU.ActiveCfg = Debug|Any CPU
		{92DA1245-2810-4F63-B1C1-5B2D3E7822E4}.Debug|Any CPU.Build.0 = Debug|Any CPU
		{92DA1245-2810-4F63-B1C1-5B2D3E7822E4}.Debug|ARM.ActiveCfg = Debug|Any CPU
		{92DA1245-2810-4F63-B1C1-5B2D3E7822E4}.Debug|ARM.Build.0 = Debug|Any CPU
		{92DA1245-2810-4F63-B1C1-5B2D3E7822E4}.Debug|x64.ActiveCfg = Debug|Any CPU
		{92DA1245-2810-4F63-B1C1-5B2D3E7822E4}.Debug|x64.Build.0 = Debug|Any CPU
		{92DA1245-2810-4F63-B1C1-5B2D3E7822E4}.Debug|x86.ActiveCfg = Debug|Any CPU
		{92DA1245-2810-4F63-B1C1-5B2D3E7822E4}.Debug|x86.Build.0 = Debug|Any CPU
		{92DA1245-2810-4F63-B1C1-5B2D3E7822E4}.Release|Any CPU.ActiveCfg = Release|Any CPU
		{92DA1245-2810-4F63-B1C1-5B2D3E7822E4}.Release|Any CPU.Build.0 = Release|Any CPU
		{92DA1245-2810-4F63-B1C1-5B2D3E7822E4}.Release|ARM.ActiveCfg = Release|Any CPU
		{92DA1245-2810-4F63-B1C1-5B2D3E7822E4}.Release|ARM.Build.0 = Release|Any CPU
		{92DA1245-2810-4F63-B1C1-5B2D3E7822E4}.Release|x64.ActiveCfg = Release|Any CPU
		{92DA1245-2810-4F63-B1C1-5B2D3E7822E4}.Release|x64.Build.0 = Release|Any CPU
		{92DA1245-2810-4F63-B1C1-5B2D3E7822E4}.Release|x86.ActiveCfg = Release|Any CPU
		{92DA1245-2810-4F63-B1C1-5B2D3E7822E4}.Release|x86.Build.0 = Release|Any CPU
		{8C41C39E-C0F0-4FE1-B5EF-38E54DFE7992}.Debug|Any CPU.ActiveCfg = Debug|Any CPU
		{8C41C39E-C0F0-4FE1-B5EF-38E54DFE7992}.Debug|Any CPU.Build.0 = Debug|Any CPU
		{8C41C39E-C0F0-4FE1-B5EF-38E54DFE7992}.Debug|ARM.ActiveCfg = Debug|ARM
		{8C41C39E-C0F0-4FE1-B5EF-38E54DFE7992}.Debug|ARM.Build.0 = Debug|ARM
		{8C41C39E-C0F0-4FE1-B5EF-38E54DFE7992}.Debug|x64.ActiveCfg = Debug|x64
		{8C41C39E-C0F0-4FE1-B5EF-38E54DFE7992}.Debug|x64.Build.0 = Debug|x64
		{8C41C39E-C0F0-4FE1-B5EF-38E54DFE7992}.Debug|x86.ActiveCfg = Debug|x86
		{8C41C39E-C0F0-4FE1-B5EF-38E54DFE7992}.Debug|x86.Build.0 = Debug|x86
		{8C41C39E-C0F0-4FE1-B5EF-38E54DFE7992}.Release|Any CPU.ActiveCfg = Release|Any CPU
		{8C41C39E-C0F0-4FE1-B5EF-38E54DFE7992}.Release|Any CPU.Build.0 = Release|Any CPU
		{8C41C39E-C0F0-4FE1-B5EF-38E54DFE7992}.Release|ARM.ActiveCfg = Release|ARM
		{8C41C39E-C0F0-4FE1-B5EF-38E54DFE7992}.Release|ARM.Build.0 = Release|ARM
		{8C41C39E-C0F0-4FE1-B5EF-38E54DFE7992}.Release|x64.ActiveCfg = Release|x64
		{8C41C39E-C0F0-4FE1-B5EF-38E54DFE7992}.Release|x64.Build.0 = Release|x64
		{8C41C39E-C0F0-4FE1-B5EF-38E54DFE7992}.Release|x86.ActiveCfg = Release|x86
		{8C41C39E-C0F0-4FE1-B5EF-38E54DFE7992}.Release|x86.Build.0 = Release|x86
	EndGlobalSection
	GlobalSection(SolutionProperties) = preSolution
		HideSolutionNode = FALSE
	EndGlobalSection
	GlobalSection(NestedProjects) = preSolution
		{67F9D3A8-F71E-4428-913F-C37AE82CDB24} = {626A6432-722B-48AC-ACD4-182BA03146A1}
		{C6DA3CC2-0D22-4D25-907B-904CD1929250} = {626A6432-722B-48AC-ACD4-182BA03146A1}
		{92DA1245-2810-4F63-B1C1-5B2D3E7822E4} = {626A6432-722B-48AC-ACD4-182BA03146A1}
		{8C41C39E-C0F0-4FE1-B5EF-38E54DFE7992} = {626A6432-722B-48AC-ACD4-182BA03146A1}
	EndGlobalSection
EndGlobal
